{
  "name": "frusal-tutorial-node",
  "version": "1.0.0",
  "lockfileVersion": 1,
  "requires": true,
  "dependencies": {
    "@frusal/library-for-node": {
      "version": "0.0.15",
      "resolved": "https://registry.npmjs.org/@frusal/library-for-node/-/library-for-node-0.0.15.tgz",
      "integrity": "sha512-u+9suo4vjulBl/4CxZ1sNU+WybHItUiVdvPa4RsF8ryNL7KDxD5yDL4Uf7PU6X14f6BvDUe0y9JRp/8tUSbTWw==",
      "requires": {
        "rxjs": "6.x.x"
      }
    },
    "frusal": {
      "version": "0.0.17",
      "resolved": "https://registry.npmjs.org/frusal/-/frusal-0.0.17.tgz",
      "integrity": "sha512-6mbwPEz0DwtG3bUWjlrjmVHAX/c4/GvItP/vt7DsR+7kIxaMrWc2yr7M63O3cQUrAHvG98Rdklax2ryq+LMpBg==",
      "dev": true
    },
    "rxjs": {
      "version": "6.5.5",
      "resolved": "https://registry.npmjs.org/rxjs/-/rxjs-6.5.5.tgz",
      "integrity": "sha512-WfQI+1gohdf0Dai/Bbmk5L5ItH5tYqm3ki2c5GdWhKjalzjg93N3avFjVStyZZz+A2Em+ZxKH5bNghw9UeylGQ==",
      "optional": true,
      "requires": {
        "tslib": "^1.9.0"
      }
    },
    "tslib": {
      "version": "1.11.1",
      "resolved": "https://registry.npmjs.org/tslib/-/tslib-1.11.1.tgz",
      "integrity": "sha512-aZW88SY8kQbU7gpV19lN24LtXh/yD4ZZg6qieAJDDg+YBsJcSmLGK9QpnUjAKVG/xefmvJGd1WUmfpT/g6AJGA==",
      "optional": true
    }
  }
}
