{
  "name": "frusal-tutorial-node",
  "version": "1.0.0",
  "lockfileVersion": 1,
  "requires": true,
  "dependencies": {
    "@frusal/library-for-node": {
      "version": "0.0.10",
      "resolved": "https://registry.npmjs.org/@frusal/library-for-node/-/library-for-node-0.0.10.tgz",
      "integrity": "sha512-odbLtetuH/yqCX54ekhARiTr0P+SYdTfUssfZfRvRFlyzidICC0focsaUkSfxNDx8QnJSjCGetY3+1CrRAflTg=="
    },
    "frusal": {
      "version": "0.0.10",
      "resolved": "https://registry.npmjs.org/frusal/-/frusal-0.0.10.tgz",
      "integrity": "sha512-K6nDjgkShFzQQ02EM33PuoGpNVNM2GVsP7ittfoyFNnnn2Z20JqmLAszxtFtNqkTXM9FmJveXOdv33j8rFaoFQ==",
      "dev": true
    }
  }
}
